# THIS IS AN AUTOGENERATED FILE. DO NOT EDIT THIS FILE DIRECTLY.
# yarn lockfile v1


ansi-escapes@^3.2.0:
  version "3.2.0"
  resolved "https://registry.yarnpkg.com/ansi-escapes/-/ansi-escapes-3.2.0.tgz#8780b98ff9dbf5638152d1f1fe5c1d7b4442976b"
  integrity sha512-cBhpre4ma+U0T1oM5fXg7Dy1Jw7zzwv7lt/GoCpr+hDQJoYnKVPLL4dCvSEFMmQurOQvSrwT7SL/DAlhBI97RQ==

cli-select@^1.1.2:
  version "1.1.2"
  resolved "https://registry.yarnpkg.com/cli-select/-/cli-select-1.1.2.tgz#456dced464b3346ca661b16a0e37fc4b28db4818"
  integrity sha512-PSvWb8G0PPmBNDcz/uM2LkZN3Nn5JmhUl465tTfynQAXjKzFpmHbxStM6X/+awKp5DJuAaHMzzMPefT0suGm1w==
  dependencies:
    ansi-escapes "^3.2.0"

commander@^9.0.0:
  version "9.2.0"
  resolved "https://registry.yarnpkg.com/commander/-/commander-9.2.0.tgz#6e21014b2ed90d8b7c9647230d8b7a94a4a419a9"
  integrity sha512-e2i4wANQiSXgnrBlIatyHtP1odfUp0BbV5Y5nEGbxtIrStkEOAAzCUirvLBNXHLr7kwLvJl6V+4V3XV9x7Wd9w==
